
Microsoft Visual Studio Solution File, Format Version 12.00
# Visual Studio Version 16
VisualStudioVersion = 16.0.30517.126
MinimumVisualStudioVersion = 10.0.40219.1
Project("{FAE04EC0-301F-11D3-BF4B-00C04F79EFBC}") = "TDDBank", "TDDBank\TDDBank.csproj", "{35943B15-AA48-4F2C-8E22-E1F125A698C4}"
EndProject
Project("{FAE04EC0-301F-11D3-BF4B-00C04F79EFBC}") = "TDDBank.Tests", "TDDBank.Tests\TDDBank.Tests.csproj", "{5B2C9AA3-8853-4683-AD68-1FD5F7AFB982}"
EndProject
Global
	GlobalSection(SolutionConfigurationPlatforms) = preSolution
		Debug|Any CPU = Debug|Any CPU
		Release|Any CPU = Release|Any CPU
	EndGlobalSection
	GlobalSection(ProjectConfigurationPlatforms) = postSolution
		{35943B15-AA48-4F2C-8E22-E1F125A698C4}.Debug|Any CPU.ActiveCfg = Debug|Any CPU
		{35943B15-AA48-4F2C-8E22-E1F125A698C4}.Debug|Any CPU.Build.0 = Debug|Any CPU
		{35943B15-AA48-4F2C-8E22-E1F125A698C4}.Release|Any CPU.ActiveCfg = Release|Any CPU
		{35943B15-AA48-4F2C-8E22-E1F125A698C4}.Release|Any CPU.Build.0 = Release|Any CPU
		{5B2C9AA3-8853-4683-AD68-1FD5F7AFB982}.Debug|Any CPU.ActiveCfg = Debug|Any CPU
		{5B2C9AA3-8853-4683-AD68-1FD5F7AFB982}.Debug|Any CPU.Build.0 = Debug|Any CPU
		{5B2C9AA3-8853-4683-AD68-1FD5F7AFB982}.Release|Any CPU.ActiveCfg = Release|Any CPU
		{5B2C9AA3-8853-4683-AD68-1FD5F7AFB982}.Release|Any CPU.Build.0 = Release|Any CPU
	EndGlobalSection
	GlobalSection(SolutionProperties) = preSolution
		HideSolutionNode = FALSE
	EndGlobalSection
	GlobalSection(ExtensibilityGlobals) = postSolution
		SolutionGuid = {F2A92DEA-B3AE-4992-AC97-8A770ED32B46}
	EndGlobalSection
EndGlobal
